
Microsoft Visual Studio Solution File, Format Version 12.00
# Visual Studio Version 17
VisualStudioVersion = 17.8.34511.84
MinimumVisualStudioVersion = 10.0.40219.1
Project("{E24C65DC-7377-472B-9ABA-BC803B73C61A}") = "TheVault", "TheVault\", "{F6292276-B70D-4F76-AF7E-3B30C70E29C6}"
	ProjectSection(WebsiteProperties) = preProject
		TargetFrameworkMoniker = ".NETFramework,Version%3Dv4.7.2"
		Debug.AspNetCompiler.VirtualPath = "/localhost_50031"
		Debug.AspNetCompiler.PhysicalPath = "TheVault\"
		Debug.AspNetCompiler.TargetPath = "PrecompiledWeb\localhost_50031\"
		Debug.AspNetCompiler.Updateable = "true"
		Debug.AspNetCompiler.ForceOverwrite = "true"
		Debug.AspNetCompiler.FixedNames = "false"
		Debug.AspNetCompiler.Debug = "True"
		Release.AspNetCompiler.VirtualPath = "/localhost_50031"
		Release.AspNetCompiler.PhysicalPath = "TheVault\"
		Release.AspNetCompiler.TargetPath = "PrecompiledWeb\localhost_50031\"
		Release.AspNetCompiler.Updateable = "true"
		Release.AspNetCompiler.ForceOverwrite = "true"
		Release.AspNetCompiler.FixedNames = "false"
		Release.AspNetCompiler.Debug = "False"
		VWDPort = "50031"
		SlnRelativePath = "TheVault\"
		DefaultWebSiteLanguage = "Visual Basic"
	EndProjectSection
EndProject
Global
	GlobalSection(SolutionConfigurationPlatforms) = preSolution
		Debug|Any CPU = Debug|Any CPU
	EndGlobalSection
	GlobalSection(ProjectConfigurationPlatforms) = postSolution
		{F6292276-B70D-4F76-AF7E-3B30C70E29C6}.Debug|Any CPU.ActiveCfg = Debug|Any CPU
		{F6292276-B70D-4F76-AF7E-3B30C70E29C6}.Debug|Any CPU.Build.0 = Debug|Any CPU
	EndGlobalSection
	GlobalSection(SolutionProperties) = preSolution
		HideSolutionNode = FALSE
	EndGlobalSection
	GlobalSection(ExtensibilityGlobals) = postSolution
		SolutionGuid = {92B681DF-A708-4B4B-ADCA-13E500DBEDE5}
	EndGlobalSection
EndGlobal
